
Microsoft Visual Studio Solution File, Format Version 12.00
Project("{FAE04EC0-301F-11D3-BF4B-00C04F79EFBC}") = "BooksApi", "BooksApi\BooksApi.csproj", "{2885617E-A351-40B0-B910-52A2D79C6FC0}"
EndProject
Project("{FAE04EC0-301F-11D3-BF4B-00C04F79EFBC}") = "BooksApiTests", "BooksApiTests\BooksApiTests.csproj", "{9BBC6639-463B-40C9-AB4D-39BE1AD0CAFD}"
EndProject
Global
	GlobalSection(SolutionConfigurationPlatforms) = preSolution
		Debug|Any CPU = Debug|Any CPU
		Release|Any CPU = Release|Any CPU
	EndGlobalSection
	GlobalSection(ProjectConfigurationPlatforms) = postSolution
		{2885617E-A351-40B0-B910-52A2D79C6FC0}.Debug|Any CPU.ActiveCfg = Debug|Any CPU
		{2885617E-A351-40B0-B910-52A2D79C6FC0}.Debug|Any CPU.Build.0 = Debug|Any CPU
		{2885617E-A351-40B0-B910-52A2D79C6FC0}.Release|Any CPU.ActiveCfg = Release|Any CPU
		{2885617E-A351-40B0-B910-52A2D79C6FC0}.Release|Any CPU.Build.0 = Release|Any CPU
		{9BBC6639-463B-40C9-AB4D-39BE1AD0CAFD}.Debug|Any CPU.ActiveCfg = Debug|Any CPU
		{9BBC6639-463B-40C9-AB4D-39BE1AD0CAFD}.Debug|Any CPU.Build.0 = Debug|Any CPU
		{9BBC6639-463B-40C9-AB4D-39BE1AD0CAFD}.Release|Any CPU.ActiveCfg = Release|Any CPU
		{9BBC6639-463B-40C9-AB4D-39BE1AD0CAFD}.Release|Any CPU.Build.0 = Release|Any CPU
	EndGlobalSection
EndGlobal
